
Microsoft Visual Studio Solution File, Format Version 12.00
# Visual Studio 2013
VisualStudioVersion = 12.0.31101.0
MinimumVisualStudioVersion = 10.0.40219.1
Project("{FAE04EC0-301F-11D3-BF4B-00C04F79EFBC}") = "TerroGUI.Example", "TerroGUI.Example\TerroGUI.Example.csproj", "{3A16B251-F798-455C-AF98-B940E0B674B5}"
EndProject
Project("{FAE04EC0-301F-11D3-BF4B-00C04F79EFBC}") = "TerroGUI.Library.Windows", "TerroGUI.Library.Windows\TerroGUI.Library.Windows.csproj", "{90E1C3EA-7EC5-4AC2-9578-573314C96068}"
EndProject
Project("{FAE04EC0-301F-11D3-BF4B-00C04F79EFBC}") = "TerroGUI.Library.Portable", "TerroGUI.Library.Portable\TerroGUI.Library.Portable.csproj", "{D70F077E-9FCF-4D0E-A4A4-9C6C51BDD262}"
EndProject
Global
	GlobalSection(SolutionConfigurationPlatforms) = preSolution
		Debug|Any CPU = Debug|Any CPU
		Debug|Mixed Platforms = Debug|Mixed Platforms
		Debug|x86 = Debug|x86
		Release|Any CPU = Release|Any CPU
		Release|Mixed Platforms = Release|Mixed Platforms
		Release|x86 = Release|x86
	EndGlobalSection
	GlobalSection(ProjectConfigurationPlatforms) = postSolution
		{3A16B251-F798-455C-AF98-B940E0B674B5}.Debug|Any CPU.ActiveCfg = Debug|x86
		{3A16B251-F798-455C-AF98-B940E0B674B5}.Debug|Mixed Platforms.ActiveCfg = Debug|x86
		{3A16B251-F798-455C-AF98-B940E0B674B5}.Debug|Mixed Platforms.Build.0 = Debug|x86
		{3A16B251-F798-455C-AF98-B940E0B674B5}.Debug|x86.ActiveCfg = Debug|x86
		{3A16B251-F798-455C-AF98-B940E0B674B5}.Debug|x86.Build.0 = Debug|x86
		{3A16B251-F798-455C-AF98-B940E0B674B5}.Release|Any CPU.ActiveCfg = Release|x86
		{3A16B251-F798-455C-AF98-B940E0B674B5}.Release|Mixed Platforms.ActiveCfg = Release|x86
		{3A16B251-F798-455C-AF98-B940E0B674B5}.Release|Mixed Platforms.Build.0 = Release|x86
		{3A16B251-F798-455C-AF98-B940E0B674B5}.Release|x86.ActiveCfg = Release|x86
		{3A16B251-F798-455C-AF98-B940E0B674B5}.Release|x86.Build.0 = Release|x86
		{90E1C3EA-7EC5-4AC2-9578-573314C96068}.Debug|Any CPU.ActiveCfg = Debug|Any CPU
		{90E1C3EA-7EC5-4AC2-9578-573314C96068}.Debug|Any CPU.Build.0 = Debug|Any CPU
		{90E1C3EA-7EC5-4AC2-9578-573314C96068}.Debug|Mixed Platforms.ActiveCfg = Debug|Any CPU
		{90E1C3EA-7EC5-4AC2-9578-573314C96068}.Debug|Mixed Platforms.Build.0 = Debug|Any CPU
		{90E1C3EA-7EC5-4AC2-9578-573314C96068}.Debug|x86.ActiveCfg = Debug|Any CPU
		{90E1C3EA-7EC5-4AC2-9578-573314C96068}.Release|Any CPU.ActiveCfg = Release|Any CPU
		{90E1C3EA-7EC5-4AC2-9578-573314C96068}.Release|Any CPU.Build.0 = Release|Any CPU
		{90E1C3EA-7EC5-4AC2-9578-573314C96068}.Release|Mixed Platforms.ActiveCfg = Release|Any CPU
		{90E1C3EA-7EC5-4AC2-9578-573314C96068}.Release|Mixed Platforms.Build.0 = Release|Any CPU
		{90E1C3EA-7EC5-4AC2-9578-573314C96068}.Release|x86.ActiveCfg = Release|Any CPU
		{D70F077E-9FCF-4D0E-A4A4-9C6C51BDD262}.Debug|Any CPU.ActiveCfg = Debug|Any CPU
		{D70F077E-9FCF-4D0E-A4A4-9C6C51BDD262}.Debug|Any CPU.Build.0 = Debug|Any CPU
		{D70F077E-9FCF-4D0E-A4A4-9C6C51BDD262}.Debug|Mixed Platforms.ActiveCfg = Debug|Any CPU
		{D70F077E-9FCF-4D0E-A4A4-9C6C51BDD262}.Debug|Mixed Platforms.Build.0 = Debug|Any CPU
		{D70F077E-9FCF-4D0E-A4A4-9C6C51BDD262}.Debug|x86.ActiveCfg = Debug|Any CPU
		{D70F077E-9FCF-4D0E-A4A4-9C6C51BDD262}.Release|Any CPU.ActiveCfg = Release|Any CPU
		{D70F077E-9FCF-4D0E-A4A4-9C6C51BDD262}.Release|Any CPU.Build.0 = Release|Any CPU
		{D70F077E-9FCF-4D0E-A4A4-9C6C51BDD262}.Release|Mixed Platforms.ActiveCfg = Release|Any CPU
		{D70F077E-9FCF-4D0E-A4A4-9C6C51BDD262}.Release|Mixed Platforms.Build.0 = Release|Any CPU
		{D70F077E-9FCF-4D0E-A4A4-9C6C51BDD262}.Release|x86.ActiveCfg = Release|Any CPU
	EndGlobalSection
	GlobalSection(SolutionProperties) = preSolution
		HideSolutionNode = FALSE
	EndGlobalSection
EndGlobal
